
Microsoft Visual Studio Solution File, Format Version 12.00
# Visual Studio Version 17
VisualStudioVersion = 17.14.36025.13
MinimumVisualStudioVersion = 10.0.40219.1
Project("{FAE04EC0-301F-11D3-BF4B-00C04F79EFBC}") = "IoTControl.API", "src\IoTControl.API\IoTControl.API.csproj", "{0DC4C013-3E46-463C-899D-75484205353C}"
EndProject
Project("{FAE04EC0-301F-11D3-BF4B-00C04F79EFBC}") = "IoTControl.Domain", "src\IoTControl.Domain\IoTControl.Domain.csproj", "{6CE6C26B-AF93-4EF3-8F85-09C6BDDAABAB}"
EndProject
Project("{FAE04EC0-301F-11D3-BF4B-00C04F79EFBC}") = "IoTControl.Infrastructure", "src\IoTControl.Infrastructure\IoTControl.Infrastructure.csproj", "{E208E0E2-F0A5-4CD4-92BF-CE4BE44E3AA3}"
EndProject
Project("{FAE04EC0-301F-11D3-BF4B-00C04F79EFBC}") = "IoTControl.Tests.Unit", "tests\IoTControl.Tests.Unit\IoTControl.Tests.Unit.csproj", "{D4E0A71E-6CE5-4FDC-BD6F-32E067F64EEF}"
EndProject
Project("{FAE04EC0-301F-11D3-BF4B-00C04F79EFBC}") = "IoTControl.Application", "src\IoTControl.Application\IoTControl.Application.csproj", "{6868B0C3-1612-4709-9C85-6D58B9E06E95}"
EndProject
Project("{FAE04EC0-301F-11D3-BF4B-00C04F79EFBC}") = "IoTControl.Tests.Integration", "tests\IoTControl.Tests.Integration\IoTControl.Tests.Integration.csproj", "{D46A5055-6DDD-4042-B82B-3BCB086B62F6}"
EndProject
Project("{FAE04EC0-301F-11D3-BF4B-00C04F79EFBC}") = "TelnetTester", "tests\TelnetTester\TelnetTester.csproj", "{709419B7-E9E0-3692-F338-BFB677DB7561}"
EndProject
Global
	GlobalSection(SolutionConfigurationPlatforms) = preSolution
		Debug|Any CPU = Debug|Any CPU
		Release|Any CPU = Release|Any CPU
	EndGlobalSection
	GlobalSection(ProjectConfigurationPlatforms) = postSolution
		{0DC4C013-3E46-463C-899D-75484205353C}.Debug|Any CPU.ActiveCfg = Debug|Any CPU
		{0DC4C013-3E46-463C-899D-75484205353C}.Debug|Any CPU.Build.0 = Debug|Any CPU
		{0DC4C013-3E46-463C-899D-75484205353C}.Release|Any CPU.ActiveCfg = Release|Any CPU
		{0DC4C013-3E46-463C-899D-75484205353C}.Release|Any CPU.Build.0 = Release|Any CPU
		{6CE6C26B-AF93-4EF3-8F85-09C6BDDAABAB}.Debug|Any CPU.ActiveCfg = Debug|Any CPU
		{6CE6C26B-AF93-4EF3-8F85-09C6BDDAABAB}.Debug|Any CPU.Build.0 = Debug|Any CPU
		{6CE6C26B-AF93-4EF3-8F85-09C6BDDAABAB}.Release|Any CPU.ActiveCfg = Release|Any CPU
		{6CE6C26B-AF93-4EF3-8F85-09C6BDDAABAB}.Release|Any CPU.Build.0 = Release|Any CPU
		{E208E0E2-F0A5-4CD4-92BF-CE4BE44E3AA3}.Debug|Any CPU.ActiveCfg = Debug|Any CPU
		{E208E0E2-F0A5-4CD4-92BF-CE4BE44E3AA3}.Debug|Any CPU.Build.0 = Debug|Any CPU
		{E208E0E2-F0A5-4CD4-92BF-CE4BE44E3AA3}.Release|Any CPU.ActiveCfg = Release|Any CPU
		{E208E0E2-F0A5-4CD4-92BF-CE4BE44E3AA3}.Release|Any CPU.Build.0 = Release|Any CPU
		{D4E0A71E-6CE5-4FDC-BD6F-32E067F64EEF}.Debug|Any CPU.ActiveCfg = Debug|Any CPU
		{D4E0A71E-6CE5-4FDC-BD6F-32E067F64EEF}.Debug|Any CPU.Build.0 = Debug|Any CPU
		{D4E0A71E-6CE5-4FDC-BD6F-32E067F64EEF}.Release|Any CPU.ActiveCfg = Release|Any CPU
		{D4E0A71E-6CE5-4FDC-BD6F-32E067F64EEF}.Release|Any CPU.Build.0 = Release|Any CPU
		{6868B0C3-1612-4709-9C85-6D58B9E06E95}.Debug|Any CPU.ActiveCfg = Debug|Any CPU
		{6868B0C3-1612-4709-9C85-6D58B9E06E95}.Debug|Any CPU.Build.0 = Debug|Any CPU
		{6868B0C3-1612-4709-9C85-6D58B9E06E95}.Release|Any CPU.ActiveCfg = Release|Any CPU
		{6868B0C3-1612-4709-9C85-6D58B9E06E95}.Release|Any CPU.Build.0 = Release|Any CPU
		{D46A5055-6DDD-4042-B82B-3BCB086B62F6}.Debug|Any CPU.ActiveCfg = Debug|Any CPU
		{D46A5055-6DDD-4042-B82B-3BCB086B62F6}.Debug|Any CPU.Build.0 = Debug|Any CPU
		{D46A5055-6DDD-4042-B82B-3BCB086B62F6}.Release|Any CPU.ActiveCfg = Release|Any CPU
		{D46A5055-6DDD-4042-B82B-3BCB086B62F6}.Release|Any CPU.Build.0 = Release|Any CPU
		{709419B7-E9E0-3692-F338-BFB677DB7561}.Debug|Any CPU.ActiveCfg = Debug|Any CPU
		{709419B7-E9E0-3692-F338-BFB677DB7561}.Debug|Any CPU.Build.0 = Debug|Any CPU
		{709419B7-E9E0-3692-F338-BFB677DB7561}.Release|Any CPU.ActiveCfg = Release|Any CPU
		{709419B7-E9E0-3692-F338-BFB677DB7561}.Release|Any CPU.Build.0 = Release|Any CPU
	EndGlobalSection
	GlobalSection(SolutionProperties) = preSolution
		HideSolutionNode = FALSE
	EndGlobalSection
	GlobalSection(ExtensibilityGlobals) = postSolution
		SolutionGuid = {B6B4E32D-7BAA-41D2-A48F-289F1C097320}
	EndGlobalSection
EndGlobal
